Microsoft Visual Studio Solution File, Format Version 12.00
# Visual Studio Version 17
VisualStudioVersion = 17.5.2.0
MinimumVisualStudioVersion = 10.0.40219.1
Project("{2150E333-8FDC-42A3-9474-1A3956D46DE8}") = "Back", "Back", "{11BF4459-C332-B9BD-164A-F44681F2EC0B}"
EndProject
Project("{FAE04EC0-301F-11D3-BF4B-00C04F79EFBC}") = "SSA", "Back\SSA\SSA.csproj", "{3927E4E7-6B9E-94A3-9C19-3AE87811409F}"
EndProject
Global
	GlobalSection(SolutionConfigurationPlatforms) = preSolution
		Debug|Any CPU = Debug|Any CPU
		Release|Any CPU = Release|Any CPU
	EndGlobalSection
	GlobalSection(ProjectConfigurationPlatforms) = postSolution
		{3927E4E7-6B9E-94A3-9C19-3AE87811409F}.Debug|Any CPU.ActiveCfg = Debug|Any CPU
		{3927E4E7-6B9E-94A3-9C19-3AE87811409F}.Debug|Any CPU.Build.0 = Debug|Any CPU
		{3927E4E7-6B9E-94A3-9C19-3AE87811409F}.Release|Any CPU.ActiveCfg = Release|Any CPU
		{3927E4E7-6B9E-94A3-9C19-3AE87811409F}.Release|Any CPU.Build.0 = Release|Any CPU
	EndGlobalSection
	GlobalSection(SolutionProperties) = preSolution
		HideSolutionNode = FALSE
	EndGlobalSection
	GlobalSection(NestedProjects) = preSolution
		{3927E4E7-6B9E-94A3-9C19-3AE87811409F} = {11BF4459-C332-B9BD-164A-F44681F2EC0B}
	EndGlobalSection
	GlobalSection(ExtensibilityGlobals) = postSolution
		SolutionGuid = {C83E48DD-967D-4AB0-89A3-CAFA87F42B2C}
	EndGlobalSection
EndGlobal
